
Microsoft Visual Studio Solution File, Format Version 12.00
# Visual Studio Version 17
VisualStudioVersion = 17.4.33213.308
MinimumVisualStudioVersion = 10.0.40219.1
Project("{FAE04EC0-301F-11D3-BF4B-00C04F79EFBC}") = "StrategyPattern", "StrategyPatter\StrategyPattern.csproj", "{39CEC932-A669-4D99-8709-DFB5B1FD0068}"
EndProject
Project("{FAE04EC0-301F-11D3-BF4B-00C04F79EFBC}") = "Strategy.Core", "Strategy.Core\Strategy.Core.csproj", "{E3379F39-24C6-4B98-976A-70F731135D00}"
EndProject
Global
	GlobalSection(SolutionConfigurationPlatforms) = preSolution
		Debug|Any CPU = Debug|Any CPU
		Release|Any CPU = Release|Any CPU
	EndGlobalSection
	GlobalSection(ProjectConfigurationPlatforms) = postSolution
		{39CEC932-A669-4D99-8709-DFB5B1FD0068}.Debug|Any CPU.ActiveCfg = Debug|Any CPU
		{39CEC932-A669-4D99-8709-DFB5B1FD0068}.Debug|Any CPU.Build.0 = Debug|Any CPU
		{39CEC932-A669-4D99-8709-DFB5B1FD0068}.Release|Any CPU.ActiveCfg = Release|Any CPU
		{39CEC932-A669-4D99-8709-DFB5B1FD0068}.Release|Any CPU.Build.0 = Release|Any CPU
		{E3379F39-24C6-4B98-976A-70F731135D00}.Debug|Any CPU.ActiveCfg = Debug|Any CPU
		{E3379F39-24C6-4B98-976A-70F731135D00}.Debug|Any CPU.Build.0 = Debug|Any CPU
		{E3379F39-24C6-4B98-976A-70F731135D00}.Release|Any CPU.ActiveCfg = Release|Any CPU
		{E3379F39-24C6-4B98-976A-70F731135D00}.Release|Any CPU.Build.0 = Release|Any CPU
	EndGlobalSection
	GlobalSection(SolutionProperties) = preSolution
		HideSolutionNode = FALSE
	EndGlobalSection
	GlobalSection(ExtensibilityGlobals) = postSolution
		SolutionGuid = {7AB1C078-E01D-434C-ADBC-AB244F350564}
	EndGlobalSection
EndGlobal
